// !$*UTF8*$!
{
	archiveVersion = 1;
	classes = {
	};
	objectVersion = 56;
	objects = {

/* Begin PBXBuildFile section */
		980A4D762C933957000C08C4 /* TasteChaseApp.swift in Sources */ = {isa = PBXBuildFile; fileRef = 980A4D752C933957000C08C4 /* TasteChaseApp.swift */; };
		980A4D782C933957000C08C4 /* HomeView.swift in Sources */ = {isa = PBXBuildFile; fileRef = 980A4D772C933957000C08C4 /* HomeView.swift */; };
		980A4D7A2C933959000C08C4 /* Assets.xcassets in Resources */ = {isa = PBXBuildFile; fileRef = 980A4D792C933959000C08C4 /* Assets.xcassets */; };
		980A4D7E2C933959000C08C4 /* Preview Assets.xcassets in Resources */ = {isa = PBXBuildFile; fileRef = 980A4D7D2C933959000C08C4 /* Preview Assets.xcassets */; };
		9830B8B62C9341FD00C3E6ED /* MealResponseModel.swift in Sources */ = {isa = PBXBuildFile; fileRef = 9830B8B52C9341FC00C3E6ED /* MealResponseModel.swift */; };
		9830B8B82C93420500C3E6ED /* MealRecipeResponseModel.swift in Sources */ = {isa = PBXBuildFile; fileRef = 9830B8B72C93420500C3E6ED /* MealRecipeResponseModel.swift */; };
		9841FA702C934F6300839B6C /* NetworkConstants.swift in Sources */ = {isa = PBXBuildFile; fileRef = 9841FA6F2C934F6300839B6C /* NetworkConstants.swift */; };
		9841FA732C93537900839B6C /* MealCellView.swift in Sources */ = {isa = PBXBuildFile; fileRef = 9841FA722C93537900839B6C /* MealCellView.swift */; };
		9841FA762C93914300839B6C /* MealViewModel.swift in Sources */ = {isa = PBXBuildFile; fileRef = 9841FA752C93914300839B6C /* MealViewModel.swift */; };
		9841FA792C9394D300839B6C /* NetworkServices.swift in Sources */ = {isa = PBXBuildFile; fileRef = 9841FA782C9394D300839B6C /* NetworkServices.swift */; };
		9841FA7B2C9394F400839B6C /* HTTPErrorModels.swift in Sources */ = {isa = PBXBuildFile; fileRef = 9841FA7A2C9394F400839B6C /* HTTPErrorModels.swift */; };
		9841FA7F2C93D06200839B6C /* MealViewDataModel.swift in Sources */ = {isa = PBXBuildFile; fileRef = 9841FA7E2C93D06200839B6C /* MealViewDataModel.swift */; };
		9841FA812C93EFCF00839B6C /* MealRecipeView.swift in Sources */ = {isa = PBXBuildFile; fileRef = 9841FA802C93EFCF00839B6C /* MealRecipeView.swift */; };
		98BA6D4B2C9504440034824A /* YoutubeVideoPlayer.swift in Sources */ = {isa = PBXBuildFile; fileRef = 98BA6D4A2C9504440034824A /* YoutubeVideoPlayer.swift */; };
		98FBA4C52C9460FC00319B8F /* MealRecipeDataModel.swift in Sources */ = {isa = PBXBuildFile; fileRef = 98FBA4C42C9460FC00319B8F /* MealRecipeDataModel.swift */; };
		98FBA4C72C94630700319B8F /* MealRecipeViewModel.swift in Sources */ = {isa = PBXBuildFile; fileRef = 98FBA4C62C94630700319B8F /* MealRecipeViewModel.swift */; };
/* End PBXBuildFile section */

/* Begin PBXFileReference section */
		980A4D722C933957000C08C4 /* TasteChase.app */ = {isa = PBXFileReference; explicitFileType = wrapper.application; includeInIndex = 0; path = TasteChase.app; sourceTree = BUILT_PRODUCTS_DIR; };
		980A4D752C933957000C08C4 /* TasteChaseApp.swift */ = {isa = PBXFileReference; lastKnownFileType = sourcecode.swift; path = TasteChaseApp.swift; sourceTree = "<group>"; };
		980A4D772C933957000C08C4 /* HomeView.swift */ = {isa = PBXFileReference; lastKnownFileType = sourcecode.swift; path = HomeView.swift; sourceTree = "<group>"; };
		980A4D792C933959000C08C4 /* Assets.xcassets */ = {isa = PBXFileReference; lastKnownFileType = folder.assetcatalog; path = Assets.xcassets; sourceTree = "<group>"; };
		980A4D7B2C933959000C08C4 /* TasteChase.entitlements */ = {isa = PBXFileReference; lastKnownFileType = text.plist.entitlements; path = TasteChase.entitlements; sourceTree = "<group>"; };
		980A4D7D2C933959000C08C4 /* Preview Assets.xcassets */ = {isa = PBXFileReference; lastKnownFileType = folder.assetcatalog; path = "Preview Assets.xcassets"; sourceTree = "<group>"; };
		9830B8B52C9341FC00C3E6ED /* MealResponseModel.swift */ = {isa = PBXFileReference; lastKnownFileType = sourcecode.swift; path = MealResponseModel.swift; sourceTree = "<group>"; };
		9830B8B72C93420500C3E6ED /* MealRecipeResponseModel.swift */ = {isa = PBXFileReference; lastKnownFileType = sourcecode.swift; path = MealRecipeResponseModel.swift; sourceTree = "<group>"; };
		9841FA6F2C934F6300839B6C /* NetworkConstants.swift */ = {isa = PBXFileReference; lastKnownFileType = sourcecode.swift; path = NetworkConstants.swift; sourceTree = "<group>"; };
		9841FA722C93537900839B6C /* MealCellView.swift */ = {isa = PBXFileReference; lastKnownFileType = sourcecode.swift; path = MealCellView.swift; sourceTree = "<group>"; };
		9841FA752C93914300839B6C /* MealViewModel.swift */ = {isa = PBXFileReference; lastKnownFileType = sourcecode.swift; path = MealViewModel.swift; sourceTree = "<group>"; };
		9841FA782C9394D300839B6C /* NetworkServices.swift */ = {isa = PBXFileReference; lastKnownFileType = sourcecode.swift; path = NetworkServices.swift; sourceTree = "<group>"; };
		9841FA7A2C9394F400839B6C /* HTTPErrorModels.swift */ = {isa = PBXFileReference; lastKnownFileType = sourcecode.swift; path = HTTPErrorModels.swift; sourceTree = "<group>"; };
		9841FA7E2C93D06200839B6C /* MealViewDataModel.swift */ = {isa = PBXFileReference; lastKnownFileType = sourcecode.swift; path = MealViewDataModel.swift; sourceTree = "<group>"; };
		9841FA802C93EFCF00839B6C /* MealRecipeView.swift */ = {isa = PBXFileReference; lastKnownFileType = sourcecode.swift; path = MealRecipeView.swift; sourceTree = "<group>"; };
		98BA6D4A2C9504440034824A /* YoutubeVideoPlayer.swift */ = {isa = PBXFileReference; lastKnownFileType = sourcecode.swift; path = YoutubeVideoPlayer.swift; sourceTree = "<group>"; };
		98FBA4C42C9460FC00319B8F /* MealRecipeDataModel.swift */ = {isa = PBXFileReference; lastKnownFileType = sourcecode.swift; path = MealRecipeDataModel.swift; sourceTree = "<group>"; };
		98FBA4C62C94630700319B8F /* MealRecipeViewModel.swift */ = {isa = PBXFileReference; lastKnownFileType = sourcecode.swift; path = MealRecipeViewModel.swift; sourceTree = "<group>"; };
/* End PBXFileReference section */

/* Begin PBXFrameworksBuildPhase section */
		980A4D6F2C933957000C08C4 /* Frameworks */ = {
			isa = PBXFrameworksBuildPhase;
			buildActionMask = 2147483647;
			files = (
			);
			runOnlyForDeploymentPostprocessing = 0;
		};
/* End PBXFrameworksBuildPhase section */

/* Begin PBXGroup section */
		980A4D692C933957000C08C4 = {
			isa = PBXGroup;
			children = (
				980A4D742C933957000C08C4 /* TasteChase */,
				980A4D732C933957000C08C4 /* Products */,
			);
			sourceTree = "<group>";
		};
		980A4D732C933957000C08C4 /* Products */ = {
			isa = PBXGroup;
			children = (
				980A4D722C933957000C08C4 /* TasteChase.app */,
			);
			name = Products;
			sourceTree = "<group>";
		};
		980A4D742C933957000C08C4 /* TasteChase */ = {
			isa = PBXGroup;
			children = (
				9841FA772C9394C700839B6C /* Services */,
				9841FA6C2C934F1A00839B6C /* Constants */,
				9830B8B42C9341DE00C3E6ED /* Model */,
				9841FA712C93524700839B6C /* View */,
				9841FA742C93913300839B6C /* ViewModel */,
				980A4D752C933957000C08C4 /* TasteChaseApp.swift */,
				980A4D792C933959000C08C4 /* Assets.xcassets */,
				980A4D7B2C933959000C08C4 /* TasteChase.entitlements */,
				980A4D7C2C933959000C08C4 /* Preview Content */,
			);
			path = TasteChase;
			sourceTree = "<group>";
		};
		980A4D7C2C933959000C08C4 /* Preview Content */ = {
			isa = PBXGroup;
			children = (
				980A4D7D2C933959000C08C4 /* Preview Assets.xcassets */,
			);
			path = "Preview Content";
			sourceTree = "<group>";
		};
		9830B8B42C9341DE00C3E6ED /* Model */ = {
			isa = PBXGroup;
			children = (
				9841FA7E2C93D06200839B6C /* MealViewDataModel.swift */,
				98FBA4C42C9460FC00319B8F /* MealRecipeDataModel.swift */,
				9830B8B52C9341FC00C3E6ED /* MealResponseModel.swift */,
				9830B8B72C93420500C3E6ED /* MealRecipeResponseModel.swift */,
				9841FA7A2C9394F400839B6C /* HTTPErrorModels.swift */,
			);
			path = Model;
			sourceTree = "<group>";
		};
		9841FA6C2C934F1A00839B6C /* Constants */ = {
			isa = PBXGroup;
			children = (
				9841FA6F2C934F6300839B6C /* NetworkConstants.swift */,
			);
			path = Constants;
			sourceTree = "<group>";
		};
		9841FA712C93524700839B6C /* View */ = {
			isa = PBXGroup;
			children = (
				98BA6D492C9504380034824A /* ViewComponents */,
				980A4D772C933957000C08C4 /* HomeView.swift */,
				9841FA722C93537900839B6C /* MealCellView.swift */,
				9841FA802C93EFCF00839B6C /* MealRecipeView.swift */,
			);
			path = View;
			sourceTree = "<group>";
		};
		9841FA742C93913300839B6C /* ViewModel */ = {
			isa = PBXGroup;
			children = (
				9841FA752C93914300839B6C /* MealViewModel.swift */,
				98FBA4C62C94630700319B8F /* MealRecipeViewModel.swift */,
			);
			path = ViewModel;
			sourceTree = "<group>";
		};
		9841FA772C9394C700839B6C /* Services */ = {
			isa = PBXGroup;
			children = (
				9841FA782C9394D300839B6C /* NetworkServices.swift */,
			);
			path = Services;
			sourceTree = "<group>";
		};
		98BA6D492C9504380034824A /* ViewComponents */ = {
			isa = PBXGroup;
			children = (
				98BA6D4A2C9504440034824A /* YoutubeVideoPlayer.swift */,
			);
			path = ViewComponents;
			sourceTree = "<group>";
		};
/* End PBXGroup section */

/* Begin PBXNativeTarget section */
		980A4D712C933957000C08C4 /* TasteChase */ = {
			isa = PBXNativeTarget;
			buildConfigurationList = 980A4D812C933959000C08C4 /* Build configuration list for PBXNativeTarget "TasteChase" */;
			buildPhases = (
				980A4D6E2C933957000C08C4 /* Sources */,
				980A4D6F2C933957000C08C4 /* Frameworks */,
				980A4D702C933957000C08C4 /* Resources */,
			);
			buildRules = (
			);
			dependencies = (
			);
			name = TasteChase;
			productName = TasteChase;
			productReference = 980A4D722C933957000C08C4 /* TasteChase.app */;
			productType = "com.apple.product-type.application";
		};
/* End PBXNativeTarget section */

/* Begin PBXProject section */
		980A4D6A2C933957000C08C4 /* Project object */ = {
			isa = PBXProject;
			attributes = {
				BuildIndependentTargetsInParallel = 1;
				LastSwiftUpdateCheck = 1540;
				LastUpgradeCheck = 1540;
				TargetAttributes = {
					980A4D712C933957000C08C4 = {
						CreatedOnToolsVersion = 15.4;
					};
				};
			};
			buildConfigurationList = 980A4D6D2C933957000C08C4 /* Build configuration list for PBXProject "TasteChase" */;
			compatibilityVersion = "Xcode 14.0";
			developmentRegion = en;
			hasScannedForEncodings = 0;
			knownRegions = (
				en,
				Base,
			);
			mainGroup = 980A4D692C933957000C08C4;
			productRefGroup = 980A4D732C933957000C08C4 /* Products */;
			projectDirPath = "";
			projectRoot = "";
			targets = (
				980A4D712C933957000C08C4 /* TasteChase */,
			);
		};
/* End PBXProject section */

/* Begin PBXResourcesBuildPhase section */
		980A4D702C933957000C08C4 /* Resources */ = {
			isa = PBXResourcesBuildPhase;
			buildActionMask = 2147483647;
			files = (
				980A4D7E2C933959000C08C4 /* Preview Assets.xcassets in Resources */,
				980A4D7A2C933959000C08C4 /* Assets.xcassets in Resources */,
			);
			runOnlyForDeploymentPostprocessing = 0;
		};
/* End PBXResourcesBuildPhase section */

/* Begin PBXSourcesBuildPhase section */
		980A4D6E2C933957000C08C4 /* Sources */ = {
			isa = PBXSourcesBuildPhase;
			buildActionMask = 2147483647;
			files = (
				98BA6D4B2C9504440034824A /* YoutubeVideoPlayer.swift in Sources */,
				9830B8B62C9341FD00C3E6ED /* MealResponseModel.swift in Sources */,
				9841FA762C93914300839B6C /* MealViewModel.swift in Sources */,
				98FBA4C52C9460FC00319B8F /* MealRecipeDataModel.swift in Sources */,
				9830B8B82C93420500C3E6ED /* MealRecipeResponseModel.swift in Sources */,
				98FBA4C72C94630700319B8F /* MealRecipeViewModel.swift in Sources */,
				9841FA812C93EFCF00839B6C /* MealRecipeView.swift in Sources */,
				9841FA702C934F6300839B6C /* NetworkConstants.swift in Sources */,
				980A4D782C933957000C08C4 /* HomeView.swift in Sources */,
				9841FA7B2C9394F400839B6C /* HTTPErrorModels.swift in Sources */,
				980A4D762C933957000C08C4 /* TasteChaseApp.swift in Sources */,
				9841FA792C9394D300839B6C /* NetworkServices.swift in Sources */,
				9841FA732C93537900839B6C /* MealCellView.swift in Sources */,
				9841FA7F2C93D06200839B6C /* MealViewDataModel.swift in Sources */,
			);
			runOnlyForDeploymentPostprocessing = 0;
		};
/* End PBXSourcesBuildPhase section */

/* Begin XCBuildConfiguration section */
		980A4D7F2C933959000C08C4 /* Debug */ = {
			isa = XCBuildConfiguration;
			buildSettings = {
				ALWAYS_SEARCH_USER_PATHS = NO;
				ASSETCATALOG_COMPILER_GENERATE_SWIFT_ASSET_SYMBOL_EXTENSIONS = YES;
				CLANG_ANALYZER_NONNULL = YES;
				CLANG_ANALYZER_NUMBER_OBJECT_CONVERSION = YES_AGGRESSIVE;
				CLANG_CXX_LANGUAGE_STANDARD = "gnu++20";
				CLANG_ENABLE_MODULES = YES;
				CLANG_ENABLE_OBJC_ARC = YES;
				CLANG_ENABLE_OBJC_WEAK = YES;
				CLANG_WARN_BLOCK_CAPTURE_AUTORELEASING = YES;
				CLANG_WARN_BOOL_CONVERSION = YES;
				CLANG_WARN_COMMA = YES;
				CLANG_WARN_CONSTANT_CONVERSION = YES;
				CLANG_WARN_DEPRECATED_OBJC_IMPLEMENTATIONS = YES;
				CLANG_WARN_DIRECT_OBJC_ISA_USAGE = YES_ERROR;
				CLANG_WARN_DOCUMENTATION_COMMENTS = YES;
				CLANG_WARN_EMPTY_BODY = YES;
				CLANG_WARN_ENUM_CONVERSION = YES;
				CLANG_WARN_INFINITE_RECURSION = YES;
				CLANG_WARN_INT_CONVERSION = YES;
				CLANG_WARN_NON_LITERAL_NULL_CONVERSION = YES;
				CLANG_WARN_OBJC_IMPLICIT_RETAIN_SELF = YES;
				CLANG_WARN_OBJC_LITERAL_CONVERSION = YES;
				CLANG_WARN_OBJC_ROOT_CLASS = YES_ERROR;
				CLANG_WARN_QUOTED_INCLUDE_IN_FRAMEWORK_HEADER = YES;
				CLANG_WARN_RANGE_LOOP_ANALYSIS = YES;
				CLANG_WARN_STRICT_PROTOTYPES = YES;
				CLANG_WARN_SUSPICIOUS_MOVE = YES;
				CLANG_WARN_UNGUARDED_AVAILABILITY = YES_AGGRESSIVE;
				CLANG_WARN_UNREACHABLE_CODE = YES;
				CLANG_WARN__DUPLICATE_METHOD_MATCH = YES;
				COPY_PHASE_STRIP = NO;
				DEBUG_INFORMATION_FORMAT = dwarf;
				ENABLE_STRICT_OBJC_MSGSEND = YES;
				ENABLE_TESTABILITY = YES;
				ENABLE_USER_SCRIPT_SANDBOXING = YES;
				GCC_C_LANGUAGE_STANDARD = gnu17;
				GCC_DYNAMIC_NO_PIC = NO;
				GCC_NO_COMMON_BLOCKS = YES;
				GCC_OPTIMIZATION_LEVEL = 0;
				GCC_PREPROCESSOR_DEFINITIONS = (
					"DEBUG=1",
					"$(inherited)",
				);
				GCC_WARN_64_TO_32_BIT_CONVERSION = YES;
				GCC_WARN_ABOUT_RETURN_TYPE = YES_ERROR;
				GCC_WARN_UNDECLARED_SELECTOR = YES;
				GCC_WARN_UNINITIALIZED_AUTOS = YES_AGGRESSIVE;
				GCC_WARN_UNUSED_FUNCTION = YES;
				GCC_WARN_UNUSED_VARIABLE = YES;
				LOCALIZATION_PREFERS_STRING_CATALOGS = YES;
				MTL_ENABLE_DEBUG_INFO = INCLUDE_SOURCE;
				MTL_FAST_MATH = YES;
				ONLY_ACTIVE_ARCH = YES;
				SWIFT_ACTIVE_COMPILATION_CONDITIONS = "DEBUG $(inherited)";
				SWIFT_OPTIMIZATION_LEVEL = "-Onone";
			};
			name = Debug;
		};
		980A4D802C933959000C08C4 /* Release */ = {
			isa = XCBuildConfiguration;
			buildSettings = {
				ALWAYS_SEARCH_USER_PATHS = NO;
				ASSETCATALOG_COMPILER_GENERATE_SWIFT_ASSET_SYMBOL_EXTENSIONS = YES;
				CLANG_ANALYZER_NONNULL = YES;
				CLANG_ANALYZER_NUMBER_OBJECT_CONVERSION = YES_AGGRESSIVE;
				CLANG_CXX_LANGUAGE_STANDARD = "gnu++20";
				CLANG_ENABLE_MODULES = YES;
				CLANG_ENABLE_OBJC_ARC = YES;
				CLANG_ENABLE_OBJC_WEAK = YES;
				CLANG_WARN_BLOCK_CAPTURE_AUTORELEASING = YES;
				CLANG_WARN_BOOL_CONVERSION = YES;
				CLANG_WARN_COMMA = YES;
				CLANG_WARN_CONSTANT_CONVERSION = YES;
				CLANG_WARN_DEPRECATED_OBJC_IMPLEMENTATIONS = YES;
				CLANG_WARN_DIRECT_OBJC_ISA_USAGE = YES_ERROR;
				CLANG_WARN_DOCUMENTATION_COMMENTS = YES;
				CLANG_WARN_EMPTY_BODY = YES;
				CLANG_WARN_ENUM_CONVERSION = YES;
				CLANG_WARN_INFINITE_RECURSION = YES;
				CLANG_WARN_INT_CONVERSION = YES;
				CLANG_WARN_NON_LITERAL_NULL_CONVERSION = YES;
				CLANG_WARN_OBJC_IMPLICIT_RETAIN_SELF = YES;
				CLANG_WARN_OBJC_LITERAL_CONVERSION = YES;
				CLANG_WARN_OBJC_ROOT_CLASS = YES_ERROR;
				CLANG_WARN_QUOTED_INCLUDE_IN_FRAMEWORK_HEADER = YES;
				CLANG_WARN_RANGE_LOOP_ANALYSIS = YES;
				CLANG_WARN_STRICT_PROTOTYPES = YES;
				CLANG_WARN_SUSPICIOUS_MOVE = YES;
				CLANG_WARN_UNGUARDED_AVAILABILITY = YES_AGGRESSIVE;
				CLANG_WARN_UNREACHABLE_CODE = YES;
				CLANG_WARN__DUPLICATE_METHOD_MATCH = YES;
				COPY_PHASE_STRIP = NO;
				DEBUG_INFORMATION_FORMAT = "dwarf-with-dsym";
				ENABLE_NS_ASSERTIONS = NO;
				ENABLE_STRICT_OBJC_MSGSEND = YES;
				ENABLE_USER_SCRIPT_SANDBOXING = YES;
				GCC_C_LANGUAGE_STANDARD = gnu17;
				GCC_NO_COMMON_BLOCKS = YES;
				GCC_WARN_64_TO_32_BIT_CONVERSION = YES;
				GCC_WARN_ABOUT_RETURN_TYPE = YES_ERROR;
				GCC_WARN_UNDECLARED_SELECTOR = YES;
				GCC_WARN_UNINITIALIZED_AUTOS = YES_AGGRESSIVE;
				GCC_WARN_UNUSED_FUNCTION = YES;
				GCC_WARN_UNUSED_VARIABLE = YES;
				LOCALIZATION_PREFERS_STRING_CATALOGS = YES;
				MTL_ENABLE_DEBUG_INFO = NO;
				MTL_FAST_MATH = YES;
				SWIFT_COMPILATION_MODE = wholemodule;
			};
			name = Release;
		};
		980A4D822C933959000C08C4 /* Debug */ = {
			isa = XCBuildConfiguration;
			buildSettings = {
				ASSETCATALOG_COMPILER_APPICON_NAME = AppIcon;
				ASSETCATALOG_COMPILER_GLOBAL_ACCENT_COLOR_NAME = AccentColor;
				CODE_SIGN_ENTITLEMENTS = TasteChase/TasteChase.entitlements;
				CODE_SIGN_STYLE = Automatic;
				CURRENT_PROJECT_VERSION = 1;
				DEVELOPMENT_ASSET_PATHS = "\"TasteChase/Preview Content\"";
				DEVELOPMENT_TEAM = 3MR87G5NZ5;
				ENABLE_HARDENED_RUNTIME = YES;
				ENABLE_PREVIEWS = YES;
				GENERATE_INFOPLIST_FILE = YES;
				INFOPLIST_KEY_CFBundleDisplayName = TasteChase;
				"INFOPLIST_KEY_UIApplicationSceneManifest_Generation[sdk=iphoneos*]" = YES;
				"INFOPLIST_KEY_UIApplicationSceneManifest_Generation[sdk=iphonesimulator*]" = YES;
				"INFOPLIST_KEY_UIApplicationSupportsIndirectInputEvents[sdk=iphoneos*]" = YES;
				"INFOPLIST_KEY_UIApplicationSupportsIndirectInputEvents[sdk=iphonesimulator*]" = YES;
				"INFOPLIST_KEY_UILaunchScreen_Generation[sdk=iphoneos*]" = YES;
				"INFOPLIST_KEY_UILaunchScreen_Generation[sdk=iphonesimulator*]" = YES;
				"INFOPLIST_KEY_UIStatusBarStyle[sdk=iphoneos*]" = UIStatusBarStyleDefault;
				"INFOPLIST_KEY_UIStatusBarStyle[sdk=iphonesimulator*]" = UIStatusBarStyleDefault;
				INFOPLIST_KEY_UISupportedInterfaceOrientations = UIInterfaceOrientationPortrait;
				IPHONEOS_DEPLOYMENT_TARGET = 15.0;
				LD_RUNPATH_SEARCH_PATHS = "@executable_path/Frameworks";
				"LD_RUNPATH_SEARCH_PATHS[sdk=macosx*]" = "@executable_path/../Frameworks";
				MACOSX_DEPLOYMENT_TARGET = 14.5;
				MARKETING_VERSION = 1.0;
				PRODUCT_BUNDLE_IDENTIFIER = com.kobiraj.TasteChase;
				PRODUCT_NAME = "$(TARGET_NAME)";
				SDKROOT = auto;
				SUPPORTED_PLATFORMS = "iphoneos iphonesimulator";
				SUPPORTS_MACCATALYST = NO;
				SWIFT_EMIT_LOC_STRINGS = YES;
				SWIFT_VERSION = 5.0;
				TARGETED_DEVICE_FAMILY = "1,2";
			};
			name = Debug;
		};
		980A4D832C933959000C08C4 /* Release */ = {
			isa = XCBuildConfiguration;
			buildSettings = {
				ASSETCATALOG_COMPILER_APPICON_NAME = AppIcon;
				ASSETCATALOG_COMPILER_GLOBAL_ACCENT_COLOR_NAME = AccentColor;
				CODE_SIGN_ENTITLEMENTS = TasteChase/TasteChase.entitlements;
				CODE_SIGN_STYLE = Automatic;
				CURRENT_PROJECT_VERSION = 1;
				DEVELOPMENT_ASSET_PATHS = "\"TasteChase/Preview Content\"";
				DEVELOPMENT_TEAM = 3MR87G5NZ5;
				ENABLE_HARDENED_RUNTIME = YES;
				ENABLE_PREVIEWS = YES;
				GENERATE_INFOPLIST_FILE = YES;
				INFOPLIST_KEY_CFBundleDisplayName = TasteChase;
				"INFOPLIST_KEY_UIApplicationSceneManifest_Generation[sdk=iphoneos*]" = YES;
				"INFOPLIST_KEY_UIApplicationSceneManifest_Generation[sdk=iphonesimulator*]" = YES;
				"INFOPLIST_KEY_UIApplicationSupportsIndirectInputEvents[sdk=iphoneos*]" = YES;
				"INFOPLIST_KEY_UIApplicationSupportsIndirectInputEvents[sdk=iphonesimulator*]" = YES;
				"INFOPLIST_KEY_UILaunchScreen_Generation[sdk=iphoneos*]" = YES;
				"INFOPLIST_KEY_UILaunchScreen_Generation[sdk=iphonesimulator*]" = YES;
				"INFOPLIST_KEY_UIStatusBarStyle[sdk=iphoneos*]" = UIStatusBarStyleDefault;
				"INFOPLIST_KEY_UIStatusBarStyle[sdk=iphonesimulator*]" = UIStatusBarStyleDefault;
				INFOPLIST_KEY_UISupportedInterfaceOrientations = UIInterfaceOrientationPortrait;
				IPHONEOS_DEPLOYMENT_TARGET = 15.0;
				LD_RUNPATH_SEARCH_PATHS = "@executable_path/Frameworks";
				"LD_RUNPATH_SEARCH_PATHS[sdk=macosx*]" = "@executable_path/../Frameworks";
				MACOSX_DEPLOYMENT_TARGET = 14.5;
				MARKETING_VERSION = 1.0;
				PRODUCT_BUNDLE_IDENTIFIER = com.kobiraj.TasteChase;
				PRODUCT_NAME = "$(TARGET_NAME)";
				SDKROOT = auto;
				SUPPORTED_PLATFORMS = "iphoneos iphonesimulator";
				SUPPORTS_MACCATALYST = NO;
				SWIFT_EMIT_LOC_STRINGS = YES;
				SWIFT_VERSION = 5.0;
				TARGETED_DEVICE_FAMILY = "1,2";
			};
			name = Release;
		};
/* End XCBuildConfiguration section */

/* Begin XCConfigurationList section */
		980A4D6D2C933957000C08C4 /* Build configuration list for PBXProject "TasteChase" */ = {
			isa = XCConfigurationList;
			buildConfigurations = (
				980A4D7F2C933959000C08C4 /* Debug */,
				980A4D802C933959000C08C4 /* Release */,
			);
			defaultConfigurationIsVisible = 0;
			defaultConfigurationName = Release;
		};
		980A4D812C933959000C08C4 /* Build configuration list for PBXNativeTarget "TasteChase" */ = {
			isa = XCConfigurationList;
			buildConfigurations = (
				980A4D822C933959000C08C4 /* Debug */,
				980A4D832C933959000C08C4 /* Release */,
			);
			defaultConfigurationIsVisible = 0;
			defaultConfigurationName = Release;
		};
/* End XCConfigurationList section */
	};
	rootObject = 980A4D6A2C933957000C08C4 /* Project object */;
}
